
Microsoft Visual Studio Solution File, Format Version 12.00
Project("{FAE04EC0-301F-11D3-BF4B-00C04F79EFBC}") = "WebApplication", "WebApplication\WebApplication.csproj", "{6EE8AEDA-8EB6-4869-8CE4-4C5F02BD395C}"
EndProject
Project("{FAE04EC0-301F-11D3-BF4B-00C04F79EFBC}") = "Common", "Common\Common.csproj", "{BCC2353B-B743-4AC0-A565-7B09C219DA40}"
EndProject
Project("{FAE04EC0-301F-11D3-BF4B-00C04F79EFBC}") = "OpenWeatherPlugin", "OpenWeatherPlugin\OpenWeatherPlugin.csproj", "{E94FE0E5-EB46-452B-8770-F48545DC9A10}"
EndProject
Project("{FAE04EC0-301F-11D3-BF4B-00C04F79EFBC}") = "ConsoleTests", "ConsoleTests\ConsoleTests.csproj", "{DFEF659C-4790-442B-8739-48E933FE73CB}"
EndProject
Global
	GlobalSection(SolutionConfigurationPlatforms) = preSolution
		Debug|Any CPU = Debug|Any CPU
		Release|Any CPU = Release|Any CPU
	EndGlobalSection
	GlobalSection(ProjectConfigurationPlatforms) = postSolution
		{6EE8AEDA-8EB6-4869-8CE4-4C5F02BD395C}.Debug|Any CPU.ActiveCfg = Debug|Any CPU
		{6EE8AEDA-8EB6-4869-8CE4-4C5F02BD395C}.Debug|Any CPU.Build.0 = Debug|Any CPU
		{6EE8AEDA-8EB6-4869-8CE4-4C5F02BD395C}.Release|Any CPU.ActiveCfg = Release|Any CPU
		{6EE8AEDA-8EB6-4869-8CE4-4C5F02BD395C}.Release|Any CPU.Build.0 = Release|Any CPU
		{BCC2353B-B743-4AC0-A565-7B09C219DA40}.Debug|Any CPU.ActiveCfg = Debug|Any CPU
		{BCC2353B-B743-4AC0-A565-7B09C219DA40}.Debug|Any CPU.Build.0 = Debug|Any CPU
		{BCC2353B-B743-4AC0-A565-7B09C219DA40}.Release|Any CPU.ActiveCfg = Release|Any CPU
		{BCC2353B-B743-4AC0-A565-7B09C219DA40}.Release|Any CPU.Build.0 = Release|Any CPU
		{E94FE0E5-EB46-452B-8770-F48545DC9A10}.Debug|Any CPU.ActiveCfg = Debug|Any CPU
		{E94FE0E5-EB46-452B-8770-F48545DC9A10}.Debug|Any CPU.Build.0 = Debug|Any CPU
		{E94FE0E5-EB46-452B-8770-F48545DC9A10}.Release|Any CPU.ActiveCfg = Release|Any CPU
		{E94FE0E5-EB46-452B-8770-F48545DC9A10}.Release|Any CPU.Build.0 = Release|Any CPU
		{DFEF659C-4790-442B-8739-48E933FE73CB}.Debug|Any CPU.ActiveCfg = Debug|Any CPU
		{DFEF659C-4790-442B-8739-48E933FE73CB}.Debug|Any CPU.Build.0 = Debug|Any CPU
		{DFEF659C-4790-442B-8739-48E933FE73CB}.Release|Any CPU.ActiveCfg = Release|Any CPU
		{DFEF659C-4790-442B-8739-48E933FE73CB}.Release|Any CPU.Build.0 = Release|Any CPU
	EndGlobalSection
EndGlobal
